<?xml version="1.0" encoding="utf-8"?>
<Project ToolsVersion="4.0" xmlns="http://schemas.microsoft.com/developer/msbuild/2003">
  <ItemGroup>
    <Filter Include="源文件">
      <UniqueIdentifier>{4FC737F1-C7A5-4376-A066-2A32D752A2FF}</UniqueIdentifier>
      <Extensions>cpp;c;cc;cxx;def;odl;idl;hpj;bat;asm;asmx</Extensions>
    </Filter>
    <Filter Include="头文件">
      <UniqueIdentifier>{93995380-89BD-4b04-88EB-625FBE52EBFB}</UniqueIdentifier>
      <Extensions>h;hpp;hxx;hm;inl;inc;xsd</Extensions>
    </Filter>
    <Filter Include="头文件\include">
      <UniqueIdentifier>{f29e0dde-698b-4167-8f9d-780db68a3c85}</UniqueIdentifier>
    </Filter>
    <Filter Include="头文件\include\libyuv">
      <UniqueIdentifier>{73a25a29-dc51-4b83-ae44-e3b339081377}</UniqueIdentifier>
    </Filter>
    <Filter Include="资源文件">
      <UniqueIdentifier>{67DA6AB6-F800-4c08-8B7A-83BB121AAD01}</UniqueIdentifier>
      <Extensions>rc;ico;cur;bmp;dlg;rc2;rct;bin;rgs;gif;jpg;jpeg;jpe;resx;tiff;tif;png;wav</Extensions>
    </Filter>
  </ItemGroup>
  <ItemGroup>
    <ClCompile Include="source\compare.cc">
      <Filter>源文件</Filter>
    </ClCompile>
    <ClCompile Include="source\compare_common.cc">
      <Filter>源文件</Filter>
    </ClCompile>
    <ClCompile Include="source\compare_neon.cc">
      <Filter>源文件</Filter>
    </ClCompile>
    <ClCompile Include="source\compare_posix.cc">
      <Filter>源文件</Filter>
    </ClCompile>
    <ClCompile Include="source\compare_win.cc">
      <Filter>源文件</Filter>
    </ClCompile>
    <ClCompile Include="source\convert.cc">
      <Filter>源文件</Filter>
    </ClCompile>
    <ClCompile Include="source\convert_argb.cc">
      <Filter>源文件</Filter>
    </ClCompile>
    <ClCompile Include="source\convert_from.cc">
      <Filter>源文件</Filter>
    </ClCompile>
    <ClCompile Include="source\convert_from_argb.cc">
      <Filter>源文件</Filter>
    </ClCompile>
    <ClCompile Include="source\convert_jpeg.cc">
      <Filter>源文件</Filter>
    </ClCompile>
    <ClCompile Include="source\convert_to_argb.cc">
      <Filter>源文件</Filter>
    </ClCompile>
    <ClCompile Include="source\convert_to_i420.cc">
      <Filter>源文件</Filter>
    </ClCompile>
    <ClCompile Include="source\cpu_id.cc">
      <Filter>源文件</Filter>
    </ClCompile>
    <ClCompile Include="source\format_conversion.cc">
      <Filter>源文件</Filter>
    </ClCompile>
    <ClCompile Include="source\mjpeg_decoder.cc">
      <Filter>源文件</Filter>
    </ClCompile>
    <ClCompile Include="source\mjpeg_validate.cc">
      <Filter>源文件</Filter>
    </ClCompile>
    <ClCompile Include="source\planar_functions.cc">
      <Filter>源文件</Filter>
    </ClCompile>
    <ClCompile Include="source\rotate.cc">
      <Filter>源文件</Filter>
    </ClCompile>
    <ClCompile Include="source\rotate_argb.cc">
      <Filter>源文件</Filter>
    </ClCompile>
    <ClCompile Include="source\rotate_mips.cc">
      <Filter>源文件</Filter>
    </ClCompile>
    <ClCompile Include="source\rotate_neon.cc">
      <Filter>源文件</Filter>
    </ClCompile>
    <ClCompile Include="source\row_any.cc">
      <Filter>源文件</Filter>
    </ClCompile>
    <ClCompile Include="source\row_common.cc">
      <Filter>源文件</Filter>
    </ClCompile>
    <ClCompile Include="source\row_mips.cc">
      <Filter>源文件</Filter>
    </ClCompile>
    <ClCompile Include="source\row_neon.cc">
      <Filter>源文件</Filter>
    </ClCompile>
    <ClCompile Include="source\row_posix.cc">
      <Filter>源文件</Filter>
    </ClCompile>
    <ClCompile Include="source\row_win.cc">
      <Filter>源文件</Filter>
    </ClCompile>
    <ClCompile Include="source\scale.cc">
      <Filter>源文件</Filter>
    </ClCompile>
    <ClCompile Include="source\scale_argb.cc">
      <Filter>源文件</Filter>
    </ClCompile>
    <ClCompile Include="source\scale_common.cc">
      <Filter>源文件</Filter>
    </ClCompile>
    <ClCompile Include="source\scale_mips.cc">
      <Filter>源文件</Filter>
    </ClCompile>
    <ClCompile Include="source\scale_neon.cc">
      <Filter>源文件</Filter>
    </ClCompile>
    <ClCompile Include="source\scale_posix.cc">
      <Filter>源文件</Filter>
    </ClCompile>
    <ClCompile Include="source\scale_win.cc">
      <Filter>源文件</Filter>
    </ClCompile>
    <ClCompile Include="source\video_common.cc">
      <Filter>源文件</Filter>
    </ClCompile>
  </ItemGroup>
  <ItemGroup>
    <ClInclude Include="include\libyuv.h">
      <Filter>头文件\include</Filter>
    </ClInclude>
    <ClInclude Include="include\libyuv\basic_types.h">
      <Filter>头文件\include\libyuv</Filter>
    </ClInclude>
    <ClInclude Include="include\libyuv\compare.h">
      <Filter>头文件\include\libyuv</Filter>
    </ClInclude>
    <ClInclude Include="include\libyuv\convert.h">
      <Filter>头文件\include\libyuv</Filter>
    </ClInclude>
    <ClInclude Include="include\libyuv\convert_argb.h">
      <Filter>头文件\include\libyuv</Filter>
    </ClInclude>
    <ClInclude Include="include\libyuv\convert_from.h">
      <Filter>头文件\include\libyuv</Filter>
    </ClInclude>
    <ClInclude Include="include\libyuv\convert_from_argb.h">
      <Filter>头文件\include\libyuv</Filter>
    </ClInclude>
    <ClInclude Include="include\libyuv\cpu_id.h">
      <Filter>头文件\include\libyuv</Filter>
    </ClInclude>
    <ClInclude Include="include\libyuv\format_conversion.h">
      <Filter>头文件\include\libyuv</Filter>
    </ClInclude>
    <ClInclude Include="include\libyuv\mjpeg_decoder.h">
      <Filter>头文件\include\libyuv</Filter>
    </ClInclude>
    <ClInclude Include="include\libyuv\planar_functions.h">
      <Filter>头文件\include\libyuv</Filter>
    </ClInclude>
    <ClInclude Include="include\libyuv\rotate.h">
      <Filter>头文件\include\libyuv</Filter>
    </ClInclude>
    <ClInclude Include="include\libyuv\rotate_argb.h">
      <Filter>头文件\include\libyuv</Filter>
    </ClInclude>
    <ClInclude Include="include\libyuv\row.h">
      <Filter>头文件\include\libyuv</Filter>
    </ClInclude>
    <ClInclude Include="include\libyuv\scale.h">
      <Filter>头文件\include\libyuv</Filter>
    </ClInclude>
    <ClInclude Include="include\libyuv\scale_argb.h">
      <Filter>头文件\include\libyuv</Filter>
    </ClInclude>
    <ClInclude Include="include\libyuv\scale_row.h">
      <Filter>头文件\include\libyuv</Filter>
    </ClInclude>
    <ClInclude Include="include\libyuv\version.h">
      <Filter>头文件\include\libyuv</Filter>
    </ClInclude>
    <ClInclude Include="include\libyuv\video_common.h">
      <Filter>头文件\include\libyuv</Filter>
    </ClInclude>
  </ItemGroup>
</Project>